lockfileVersion: '9.0'

settings:
  autoInstallPeers: true
  excludeLinksFromLockfile: false

importers:

  .:
    dependencies:
      '@react-pdf/renderer':
        specifier: ^4.3.2
        version: 4.5.1(react@19.0.0)
      '@supabase/ssr':
        specifier: ^0.5.2
        version: 0.5.2(@supabase/supabase-js@2.108.2)
      '@supabase/supabase-js':
        specifier: ^2.49.1
        version: 2.108.2
      '@types/leaflet':
        specifier: ^1.9.21
        version: 1.9.21
      '@types/react-pdf':
        specifier: ^6.2.0
        version: 6.2.0
      drizzle-orm:
        specifier: ^0.39.1
        version: 0.39.3(pg@8.22.0)(postgres@3.4.9)
      drizzle-zod:
        specifier: ^0.8.3
        version: 0.8.3(drizzle-orm@0.39.3(pg@8.22.0)(postgres@3.4.9))(zod@3.25.76)
      leaflet:
        specifier: ^1.9.4
        version: 1.9.4
      lucide-react:
        specifier: ^1.12.0
        version: 1.21.0(react@19.0.0)
      next:
        specifier: ^16.1.6
        version: 16.2.9(@playwright/test@1.61.0)(react-dom@19.0.0(react@19.0.0))(react@19.0.0)
      openai:
        specifier: ^6.25.0
        version: 6.44.0(zod@3.25.76)
      p-limit:
        specifier: ^7.3.0
        version: 7.3.0
      p-retry:
        specifier: ^7.1.1
        version: 7.1.1
      pg:
        specifier: ^8.22.0
        version: 8.22.0
      react:
        specifier: 19.0.0
        version: 19.0.0
      react-dom:
        specifier: 19.0.0
        version: 19.0.0(react@19.0.0)
      react-leaflet:
        specifier: ^5.0.0
        version: 5.0.0(leaflet@1.9.4)(react-dom@19.0.0(react@19.0.0))(react@19.0.0)
      resend:
        specifier: ^6.9.4
        version: 6.14.0
      zod:
        specifier: ^3.25.76
        version: 3.25.76
      zod-validation-error:
        specifier: ^5.0.0
        version: 5.0.0(zod@3.25.76)
    devDependencies:
      '@playwright/test':
        specifier: ^1.51.0
        version: 1.61.0
      '@types/node':
        specifier: ^22.13.9
        version: 22.20.0
      '@types/react':
        specifier: ^19.0.10
        version: 19.2.17
      '@types/react-dom':
        specifier: ^19.0.4
        version: 19.2.3(@types/react@19.2.17)
      autoprefixer:
        specifier: ^10.4.20
        version: 10.5.0(postcss@8.5.15)
      drizzle-kit:
        specifier: ^0.30.4
        version: 0.30.6
      eslint:
        specifier: ^9.21.0
        version: 9.39.4(jiti@1.21.7)
      eslint-config-next:
        specifier: 15.1.7
        version: 15.1.7(eslint@9.39.4(jiti@1.21.7))(typescript@5.9.3)
      postcss:
        specifier: ^8.5.3
        version: 8.5.15
      postgres:
        specifier: ^3.4.9
        version: 3.4.9
      prettier:
        specifier: ^3.5.3
        version: 3.8.4
      tailwindcss:
        specifier: ^3.4.17
        version: 3.4.19
      typescript:
        specifier: ^5.8.2
        version: 5.9.3

packages:

  '@alloc/quick-lru@5.2.0':
    resolution: {integrity: sha512-UrcABB+4bUrFABwbluTIBErXwvbsU/V7TZWfmbgJfbkwiBuziS9gxdODUyuiecfdGQ85jglMW6juS3+z5TsKLw==}
    engines: {node: '>=10'}

  '@babel/runtime@7.29.7':
    resolution: {integrity: sha512-Nq8OhGWiZIZGV6hLHoyAKLLcJihP/xFeBMGJoUrxTX2psI8dCifzLhZISFb+VWS3wFMRDmCGw5R+dOySCqPLhw==}
    engines: {node: '>=6.9.0'}

  '@drizzle-team/brocli@0.10.2':
    resolution: {integrity: sha512-z33Il7l5dKjUgGULTqBsQBQwckHh5AbIuxhdsIxDDiZAzBOrZO6q9ogcWC65kU382AfynTfgNumVcNIjuIua6w==}

  '@emnapi/core@1.10.0':
    resolution: {integrity: sha512-yq6OkJ4p82CAfPl0u9mQebQHKPJkY7WrIuk205cTYnYe+k2Z8YBh11FrbRG/H6ihirqcacOgl2BIO8oyMQLeXw==}

  '@emnapi/runtime@1.10.0':
    resolution: {integrity: sha512-ewvYlk86xUoGI0zQRNq/mC+16R1QeDlKQy21Ki3oSYXNgLb45GV1P6A0M+/s6nyCuNDqe5VpaY84BzXGwVbwFA==}

  '@emnapi/runtime@1.11.1':
    resolution: {integrity: sha512-vgj7R3y3Wgx24IQaGPA/R6YFXLHVMOZ0uVEyIQPaWs+rd1AzfEMXlAC22FYwO1XkKR6NPsq7mUandH8oIRdZFw==}

  '@emnapi/wasi-threads@1.2.1':
    resolution: {integrity: sha512-uTII7OYF+/Mes/MrcIOYp5yOtSMLBWSIoLPpcgwipoiKbli6k322tcoFsxoIIxPDqW01SQGAgko4EzZi2BNv2w==}

  '@esbuild-kit/core-utils@3.3.2':
    resolution: {integrity: sha512-sPRAnw9CdSsRmEtnsl2WXWdyquogVpB3yZ3dgwJfe8zrOzTsV7cJvmwrKVa+0ma5BoiGJ+BoqkMvawbayKUsqQ==}
    deprecated: 'Merged into tsx: https://tsx.hirok.io'

  '@esbuild-kit/esm-loader@2.6.5':
    resolution: {integrity: sha512-FxEMIkJKnodyA1OaCUoEvbYRkoZlLZ4d/eXFu9Fh8CbBBgP5EmZxrfTRyN0qpXZ4vOvqnE5YdRdcrmUUXuU+dA==}
    deprecated: 'Merged into tsx: https://tsx.hirok.io'

  '@esbuild/aix-ppc64@0.19.12':
    resolution: {integrity: sha512-bmoCYyWdEL3wDQIVbcyzRyeKLgk2WtWLTWz1ZIAZF/EGbNOwSA6ew3PftJ1PqMiOOGu0OyFMzG53L0zqIpPeNA==}
    engines: {node: '>=12'}
    cpu: [ppc64]
    os: [aix]

  '@esbuild/android-arm64@0.18.20':
    resolution: {integrity: sha512-Nz4rJcchGDtENV0eMKUNa6L12zz2zBDXuhj/Vjh18zGqB44Bi7MBMSXjgunJgjRhCmKOjnPuZp4Mb6OKqtMHLQ==}
    engines: {node: '>=12'}
    cpu: [arm64]
    os: [android]

  '@esbuild/android-arm64@0.19.12':
    resolution: {integrity: sha512-P0UVNGIienjZv3f5zq0DP3Nt2IE/3plFzuaS96vihvD0Hd6H/q4WXUGpCxD/E8YrSXfNyRPbpTq+T8ZQioSuPA==}
    engines: {node: '>=12'}
    cpu: [arm64]
    os: [android]

  '@esbuild/android-arm@0.18.20':
    resolution: {integrity: sha512-fyi7TDI/ijKKNZTUJAQqiG5T7YjJXgnzkURqmGj13C6dCqckZBLdl4h7bkhHt/t0WP+zO9/zwroDvANaOqO5Sw==}
    engines: {node: '>=12'}
    cpu: [arm]
    os: [android]

  '@esbuild/android-arm@0.19.12':
    resolution: {integrity: sha512-qg/Lj1mu3CdQlDEEiWrlC4eaPZ1KztwGJ9B6J+/6G+/4ewxJg7gqj8eVYWvao1bXrqGiW2rsBZFSX3q2lcW05w==}
    engines: {node: '>=12'}
    cpu: [arm]
    os: [android]

  '@esbuild/android-x64@0.18.20':
    resolution: {integrity: sha512-8GDdlePJA8D6zlZYJV/jnrRAi6rOiNaCC/JclcXpB+KIuvfBN4owLtgzY2bsxnx666XjJx2kDPUmnTtR8qKQUg==}
    engines: {node: '>=12'}
    cpu: [x64]
    os: [android]

  '@esbuild/android-x64@0.19.12':
    resolution: {integrity: sha512-3k7ZoUW6Q6YqhdhIaq/WZ7HwBpnFBlW905Fa4s4qWJyiNOgT1dOqDiVAQFwBH7gBRZr17gLrlFCRzF6jFh7Kew==}
    engines: {node: '>=12'}
    cpu: [x64]
    os: [android]

  '@esbuild/darwin-arm64@0.18.20':
    resolution: {integrity: sha512-bxRHW5kHU38zS2lPTPOyuyTm+S+eobPUnTNkdJEfAddYgEcll4xkT8DB9d2008DtTbl7uJag2HuE5NZAZgnNEA==}
    engines: {node: '>=12'}
    cpu: [arm64]
    os: [darwin]

  '@esbuild/darwin-arm64@0.19.12':
    resolution: {integrity: sha512-B6IeSgZgtEzGC42jsI+YYu9Z3HKRxp8ZT3cqhvliEHovq8HSX2YX8lNocDn79gCKJXOSaEot9MVYky7AKjCs8g==}
    engines: {node: '>=12'}
    cpu: [arm64]
    os: [darwin]

  '@esbuild/darwin-x64@0.18.20':
    resolution: {integrity: sha512-pc5gxlMDxzm513qPGbCbDukOdsGtKhfxD1zJKXjCCcU7ju50O7MeAZ8c4krSJcOIJGFR+qx21yMMVYwiQvyTyQ==}
    engines: {node: '>=12'}
    cpu: [x64]
    os: [darwin]

  '@esbuild/darwin-x64@0.19.12':
    resolution: {integrity: sha512-hKoVkKzFiToTgn+41qGhsUJXFlIjxI/jSYeZf3ugemDYZldIXIxhvwN6erJGlX4t5h417iFuheZ7l+YVn05N3A==}
    engines: {node: '>=12'}
    cpu: [x64]
    os: [darwin]

  '@esbuild/freebsd-arm64@0.18.20':
    resolution: {integrity: sha512-yqDQHy4QHevpMAaxhhIwYPMv1NECwOvIpGCZkECn8w2WFHXjEwrBn3CeNIYsibZ/iZEUemj++M26W3cNR5h+Tw==}
    engines: {node: '>=12'}
    cpu: [arm64]
    os: [freebsd]

  '@esbuild/freebsd-arm64@0.19.12':
    resolution: {integrity: sha512-4aRvFIXmwAcDBw9AueDQ2YnGmz5L6obe5kmPT8Vd+/+x/JMVKCgdcRwH6APrbpNXsPz+K653Qg8HB/oXvXVukA==}
    engines: {node: '>=12'}
    cpu: [arm64]
    os: [freebsd]

  '@esbuild/freebsd-x64@0.18.20':
    resolution: {integrity: sha512-tgWRPPuQsd3RmBZwarGVHZQvtzfEBOreNuxEMKFcd5DaDn2PbBxfwLcj4+aenoh7ctXcbXmOQIn8HI6mCSw5MQ==}
    engines: {node: '>=12'}
    cpu: [x64]
    os: [freebsd]

  '@esbuild/freebsd-x64@0.19.12':
    resolution: {integrity: sha512-EYoXZ4d8xtBoVN7CEwWY2IN4ho76xjYXqSXMNccFSx2lgqOG/1TBPW0yPx1bJZk94qu3tX0fycJeeQsKovA8gg==}
    engines: {node: '>=12'}
    cpu: [x64]
    os: [freebsd]

  '@esbuild/linux-arm64@0.18.20':
    resolution: {integrity: sha512-2YbscF+UL7SQAVIpnWvYwM+3LskyDmPhe31pE7/aoTMFKKzIc9lLbyGUpmmb8a8AixOL61sQ/mFh3jEjHYFvdA==}
    engines: {node: '>=12'}
    cpu: [arm64]
    os: [linux]

  '@esbuild/linux-arm64@0.19.12':
    resolution: {integrity: sha512-EoTjyYyLuVPfdPLsGVVVC8a0p1BFFvtpQDB/YLEhaXyf/5bczaGeN15QkR+O4S5LeJ92Tqotve7i1jn35qwvdA==}
    engines: {node: '>=12'}
    cpu: [arm64]
    os: [linux]

  '@esbuild/linux-arm@0.18.20':
    resolution: {integrity: sha512-/5bHkMWnq1EgKr1V+Ybz3s1hWXok7mDFUMQ4cG10AfW3wL02PSZi5kFpYKrptDsgb2WAJIvRcDm+qIvXf/apvg==}
    engines: {node: '>=12'}
    cpu: [arm]
    os: [linux]

  '@esbuild/linux-arm@0.19.12':
    resolution: {integrity: sha512-J5jPms//KhSNv+LO1S1TX1UWp1ucM6N6XuL6ITdKWElCu8wXP72l9MM0zDTzzeikVyqFE6U8YAV9/tFyj0ti+w==}
    engines: {node: '>=12'}
    cpu: [arm]
    os: [linux]

  '@esbuild/linux-ia32@0.18.20':
    resolution: {integrity: sha512-P4etWwq6IsReT0E1KHU40bOnzMHoH73aXp96Fs8TIT6z9Hu8G6+0SHSw9i2isWrD2nbx2qo5yUqACgdfVGx7TA==}
    engines: {node: '>=12'}
    cpu: [ia32]
    os: [linux]

  '@esbuild/linux-ia32@0.19.12':
    resolution: {integrity: sha512-Thsa42rrP1+UIGaWz47uydHSBOgTUnwBwNq59khgIwktK6x60Hivfbux9iNR0eHCHzOLjLMLfUMLCypBkZXMHA==}
    engines: {node: '>=12'}
    cpu: [ia32]
    os: [linux]

  '@esbuild/linux-loong64@0.18.20':
    resolution: {integrity: sha512-nXW8nqBTrOpDLPgPY9uV+/1DjxoQ7DoB2N8eocyq8I9XuqJ7BiAMDMf9n1xZM9TgW0J8zrquIb/A7s3BJv7rjg==}
    engines: {node: '>=12'}
    cpu: [loong64]
    os: [linux]

  '@esbuild/linux-loong64@0.19.12':
    resolution: {integrity: sha512-LiXdXA0s3IqRRjm6rV6XaWATScKAXjI4R4LoDlvO7+yQqFdlr1Bax62sRwkVvRIrwXxvtYEHHI4dm50jAXkuAA==}
    engines: {node: '>=12'}
    cpu: [loong64]
    os: [linux]

  '@esbuild/linux-mips64el@0.18.20':
    resolution: {integrity: sha512-d5NeaXZcHp8PzYy5VnXV3VSd2D328Zb+9dEq5HE6bw6+N86JVPExrA6O68OPwobntbNJ0pzCpUFZTo3w0GyetQ==}
    engines: {node: '>=12'}
    cpu: [mips64el]
    os: [linux]

  '@esbuild/linux-mips64el@0.19.12':
    resolution: {integrity: sha512-fEnAuj5VGTanfJ07ff0gOA6IPsvrVHLVb6Lyd1g2/ed67oU1eFzL0r9WL7ZzscD+/N6i3dWumGE1Un4f7Amf+w==}
    engines: {node: '>=12'}
    cpu: [mips64el]
    os: [linux]

  '@esbuild/linux-ppc64@0.18.20':
    resolution: {integrity: sha512-WHPyeScRNcmANnLQkq6AfyXRFr5D6N2sKgkFo2FqguP44Nw2eyDlbTdZwd9GYk98DZG9QItIiTlFLHJHjxP3FA==}
    engines: {node: '>=12'}
    cpu: [ppc64]
    os: [linux]

  '@esbuild/linux-ppc64@0.19.12':
    resolution: {integrity: sha512-nYJA2/QPimDQOh1rKWedNOe3Gfc8PabU7HT3iXWtNUbRzXS9+vgB0Fjaqr//XNbd82mCxHzik2qotuI89cfixg==}
    engines: {node: '>=12'}
    cpu: [ppc64]
    os: [linux]

  '@esbuild/linux-riscv64@0.18.20':
    resolution: {integrity: sha512-WSxo6h5ecI5XH34KC7w5veNnKkju3zBRLEQNY7mv5mtBmrP/MjNBCAlsM2u5hDBlS3NGcTQpoBvRzqBcRtpq1A==}
    engines: {node: '>=12'}
    cpu: [riscv64]
    os: [linux]

  '@esbuild/linux-riscv64@0.19.12':
    resolution: {integrity: sha512-2MueBrlPQCw5dVJJpQdUYgeqIzDQgw3QtiAHUC4RBz9FXPrskyyU3VI1hw7C0BSKB9OduwSJ79FTCqtGMWqJHg==}
    engines: {node: '>=12'}
    cpu: [riscv64]
    os: [linux]

  '@esbuild/linux-s390x@0.18.20':
    resolution: {integrity: sha512-+8231GMs3mAEth6Ja1iK0a1sQ3ohfcpzpRLH8uuc5/KVDFneH6jtAJLFGafpzpMRO6DzJ6AvXKze9LfFMrIHVQ==}
    engines: {node: '>=12'}
    cpu: [s390x]
    os: [linux]

  '@esbuild/linux-s390x@0.19.12':
    resolution: {integrity: sha512-+Pil1Nv3Umes4m3AZKqA2anfhJiVmNCYkPchwFJNEJN5QxmTs1uzyy4TvmDrCRNT2ApwSari7ZIgrPeUx4UZDg==}
    engines: {node: '>=12'}
    cpu: [s390x]
    os: [linux]

  '@esbuild/linux-x64@0.18.20':
    resolution: {integrity: sha512-UYqiqemphJcNsFEskc73jQ7B9jgwjWrSayxawS6UVFZGWrAAtkzjxSqnoclCXxWtfwLdzU+vTpcNYhpn43uP1w==}
    engines: {node: '>=12'}
    cpu: [x64]
    os: [linux]

  '@esbuild/linux-x64@0.19.12':
    resolution: {integrity: sha512-B71g1QpxfwBvNrfyJdVDexenDIt1CiDN1TIXLbhOw0KhJzE78KIFGX6OJ9MrtC0oOqMWf+0xop4qEU8JrJTwCg==}
    engines: {node: '>=12'}
    cpu: [x64]
    os: [linux]

  '@esbuild/netbsd-x64@0.18.20':
    resolution: {integrity: sha512-iO1c++VP6xUBUmltHZoMtCUdPlnPGdBom6IrO4gyKPFFVBKioIImVooR5I83nTew5UOYrk3gIJhbZh8X44y06A==}
    engines: {node: '>=12'}
    cpu: [x64]
    os: [netbsd]

  '@esbuild/netbsd-x64@0.19.12':
    resolution: {integrity: sha512-3ltjQ7n1owJgFbuC61Oj++XhtzmymoCihNFgT84UAmJnxJfm4sYCiSLTXZtE00VWYpPMYc+ZQmB6xbSdVh0JWA==}
    engines: {node: '>=12'}
    cpu: [x64]
    os: [netbsd]

  '@esbuild/openbsd-x64@0.18.20':
    resolution: {integrity: sha512-e5e4YSsuQfX4cxcygw/UCPIEP6wbIL+se3sxPdCiMbFLBWu0eiZOJ7WoD+ptCLrmjZBK1Wk7I6D/I3NglUGOxg==}
    engines: {node: '>=12'}
    cpu: [x64]
    os: [openbsd]

  '@esbuild/openbsd-x64@0.19.12':
    resolution: {integrity: sha512-RbrfTB9SWsr0kWmb9srfF+L933uMDdu9BIzdA7os2t0TXhCRjrQyCeOt6wVxr79CKD4c+p+YhCj31HBkYcXebw==}
    engines: {node: '>=12'}
    cpu: [x64]
    os: [openbsd]

  '@esbuild/sunos-x64@0.18.20':
    resolution: {integrity: sha512-kDbFRFp0YpTQVVrqUd5FTYmWo45zGaXe0X8E1G/LKFC0v8x0vWrhOWSLITcCn63lmZIxfOMXtCfti/RxN/0wnQ==}
    engines: {node: '>=12'}
    cpu: [x64]
    os: [sunos]

  '@esbuild/sunos-x64@0.19.12':
    resolution: {integrity: sha512-HKjJwRrW8uWtCQnQOz9qcU3mUZhTUQvi56Q8DPTLLB+DawoiQdjsYq+j+D3s9I8VFtDr+F9CjgXKKC4ss89IeA==}
    engines: {node: '>=12'}
    cpu: [x64]
    os: [sunos]

  '@esbuild/win32-arm64@0.18.20':
    resolution: {integrity: sha512-ddYFR6ItYgoaq4v4JmQQaAI5s7npztfV4Ag6NrhiaW0RrnOXqBkgwZLofVTlq1daVTQNhtI5oieTvkRPfZrePg==}
    engines: {node: '>=12'}
    cpu: [arm64]
    os: [win32]

  '@esbuild/win32-arm64@0.19.12':
    resolution: {integrity: sha512-URgtR1dJnmGvX864pn1B2YUYNzjmXkuJOIqG2HdU62MVS4EHpU2946OZoTMnRUHklGtJdJZ33QfzdjGACXhn1A==}
    engines: {node: '>=12'}
    cpu: [arm64]
    os: [win32]

  '@esbuild/win32-ia32@0.18.20':
    resolution: {integrity: sha512-Wv7QBi3ID/rROT08SABTS7eV4hX26sVduqDOTe1MvGMjNd3EjOz4b7zeexIR62GTIEKrfJXKL9LFxTYgkyeu7g==}
    engines: {node: '>=12'}
    cpu: [ia32]
    os: [win32]

  '@esbuild/win32-ia32@0.19.12':
    resolution: {integrity: sha512-+ZOE6pUkMOJfmxmBZElNOx72NKpIa/HFOMGzu8fqzQJ5kgf6aTGrcJaFsNiVMH4JKpMipyK+7k0n2UXN7a8YKQ==}
    engines: {node: '>=12'}
    cpu: [ia32]
    os: [win32]

  '@esbuild/win32-x64@0.18.20':
    resolution: {integrity: sha512-kTdfRcSiDfQca/y9QIkng02avJ+NCaQvrMejlsB3RRv5sE9rRoeBPISaZpKxHELzRxZyLvNts1P27W3wV+8geQ==}
    engines: {node: '>=12'}
    cpu: [x64]
    os: [win32]

  '@esbuild/win32-x64@0.19.12':
    resolution: {integrity: sha512-T1QyPSDCyMXaO3pzBkF96E8xMkiRYbUEZADd29SyPGabqxMViNoii+NcK7eWJAEoU6RZyEm5lVSIjTmcdoB9HA==}
    engines: {node: '>=12'}
    cpu: [x64]
    os: [win32]

  '@eslint-community/eslint-utils@4.9.1':
    resolution: {integrity: sha512-phrYmNiYppR7znFEdqgfWHXR6NCkZEK7hwWDHZUjit/2/U0r6XvkDl0SYnoM51Hq7FhCGdLDT6zxCCOY1hexsQ==}
    engines: {node: ^12.22.0 || ^14.17.0 || >=16.0.0}
    peerDependencies:
      eslint: ^6.0.0 || ^7.0.0 || >=8.0.0

  '@eslint-community/regexpp@4.12.2':
    resolution: {integrity: sha512-EriSTlt5OC9/7SXkRSCAhfSxxoSUgBm33OH+IkwbdpgoqsSsUg7y3uh+IICI/Qg4BBWr3U2i39RpmycbxMq4ew==}
    engines: {node: ^12.0.0 || ^14.0.0 || >=16.0.0}

  '@eslint/config-array@0.21.2':
    resolution: {integrity: sha512-nJl2KGTlrf9GjLimgIru+V/mzgSK0ABCDQRvxw5BjURL7WfH5uoWmizbH7QB6MmnMBd8cIC9uceWnezL1VZWWw==}
    engines: {node: ^18.18.0 || ^20.9.0 || >=21.1.0}

  '@eslint/config-helpers@0.4.2':
    resolution: {integrity: sha512-gBrxN88gOIf3R7ja5K9slwNayVcZgK6SOUORm2uBzTeIEfeVaIhOpCtTox3P6R7o2jLFwLFTLnC7kU/RGcYEgw==}
    engines: {node: ^18.18.0 || ^20.9.0 || >=21.1.0}

  '@eslint/core@0.17.0':
    resolution: {integrity: sha512-yL/sLrpmtDaFEiUj1osRP4TI2MDz1AddJL+jZ7KSqvBuliN4xqYY54IfdN8qD8Toa6g1iloph1fxQNkjOxrrpQ==}
    engines: {node: ^18.18.0 || ^20.9.0 || >=21.1.0}

  '@eslint/eslintrc@3.3.5':
    resolution: {integrity: sha512-4IlJx0X0qftVsN5E+/vGujTRIFtwuLbNsVUe7TO6zYPDR1O6nFwvwhIKEKSrl6dZchmYBITazxKoUYOjdtjlRg==}
    engines: {node: ^18.18.0 || ^20.9.0 || >=21.1.0}

  '@eslint/js@9.39.4':
    resolution: {integrity: sha512-nE7DEIchvtiFTwBw4Lfbu59PG+kCofhjsKaCWzxTpt4lfRjRMqG6uMBzKXuEcyXhOHoUp9riAm7/aWYGhXZ9cw==}
    engines: {node: ^18.18.0 || ^20.9.0 || >=21.1.0}

  '@eslint/object-schema@2.1.7':
    resolution: {integrity: sha512-VtAOaymWVfZcmZbp6E2mympDIHvyjXs/12LqWYjVw6qjrfF+VK+fyG33kChz3nnK+SU5/NeHOqrTEHS8sXO3OA==}
    engines: {node: ^18.18.0 || ^20.9.0 || >=21.1.0}

  '@eslint/plugin-kit@0.4.1':
    resolution: {integrity: sha512-43/qtrDUokr7LJqoF2c3+RInu/t4zfrpYdoSDfYyhg52rwLV6TnOvdG4fXm7IkSB3wErkcmJS9iEhjVtOSEjjA==}
    engines: {node: ^18.18.0 || ^20.9.0 || >=21.1.0}

  '@humanfs/core@0.19.2':
    resolution: {integrity: sha512-UhXNm+CFMWcbChXywFwkmhqjs3PRCmcSa/hfBgLIb7oQ5HNb1wS0icWsGtSAUNgefHeI+eBrA8I1fxmbHsGdvA==}
    engines: {node: '>=18.18.0'}

  '@humanfs/node@0.16.8':
    resolution: {integrity: sha512-gE1eQNZ3R++kTzFUpdGlpmy8kDZD/MLyHqDwqjkVQI0JMdI1D51sy1H958PNXYkM2rAac7e5/CnIKZrHtPh3BQ==}
    engines: {node: '>=18.18.0'}

  '@humanfs/types@0.15.0':
    resolution: {integrity: sha512-ZZ1w0aoQkwuUuC7Yf+7sdeaNfqQiiLcSRbfI08oAxqLtpXQr9AIVX7Ay7HLDuiLYAaFPu8oBYNq/QIi9URHJ3Q==}
    engines: {node: '>=18.18.0'}

  '@humanwhocodes/module-importer@1.0.1':
    resolution: {integrity: sha512-bxveV4V8v5Yb4ncFTT3rPSgZBOpCkjfK0y4oVVVJwIuDVBRMDXrPyXRL988i5ap9m9bnyEEjWfm5WkBmtffLfA==}
    engines: {node: '>=12.22'}

  '@humanwhocodes/retry@0.4.3':
    resolution: {integrity: sha512-bV0Tgo9K4hfPCek+aMAn81RppFKv2ySDQeMoSZuvTASywNTnVJCArCZE2FWqpvIatKu7VMRLWlR1EazvVhDyhQ==}
    engines: {node: '>=18.18'}

  '@img/colour@1.1.0':
    resolution: {integrity: sha512-Td76q7j57o/tLVdgS746cYARfSyxk8iEfRxewL9h4OMzYhbW4TAcppl0mT4eyqXddh6L/jwoM75mo7ixa/pCeQ==}
    engines: {node: '>=18'}

  '@img/sharp-darwin-arm64@0.34.5':
    resolution: {integrity: sha512-imtQ3WMJXbMY4fxb/Ndp6HBTNVtWCUI0WdobyheGf5+ad6xX8VIDO8u2xE4qc/fr08CKG/7dDseFtn6M6g/r3w==}
    engines: {node: ^18.17.0 || ^20.3.0 || >=21.0.0}
    cpu: [arm64]
    os: [darwin]

  '@img/sharp-darwin-x64@0.34.5':
    resolution: {integrity: sha512-YNEFAF/4KQ/PeW0N+r+aVVsoIY0/qxxikF2SWdp+NRkmMB7y9LBZAVqQ4yhGCm/H3H270OSykqmQMKLBhBJDEw==}
    engines: {node: ^18.17.0 || ^20.3.0 || >=21.0.0}
    cpu: [x64]
    os: [darwin]

  '@img/sharp-libvips-darwin-arm64@1.2.4':
    resolution: {integrity: sha512-zqjjo7RatFfFoP0MkQ51jfuFZBnVE2pRiaydKJ1G/rHZvnsrHAOcQALIi9sA5co5xenQdTugCvtb1cuf78Vf4g==}
    cpu: [arm64]
    os: [darwin]

  '@img/sharp-libvips-darwin-x64@1.2.4':
    resolution: {integrity: sha512-1IOd5xfVhlGwX+zXv2N93k0yMONvUlANylbJw1eTah8K/Jtpi15KC+WSiaX/nBmbm2HxRM1gZ0nSdjSsrZbGKg==}
    cpu: [x64]
    os: [darwin]

  '@img/sharp-libvips-linux-arm64@1.2.4':
    resolution: {integrity: sha512-excjX8DfsIcJ10x1Kzr4RcWe1edC9PquDRRPx3YVCvQv+U5p7Yin2s32ftzikXojb1PIFc/9Mt28/y+iRklkrw==}
    cpu: [arm64]
    os: [linux]
    libc: [glibc]

  '@img/sharp-libvips-linux-arm@1.2.4':
    resolution: {integrity: sha512-bFI7xcKFELdiNCVov8e44Ia4u2byA+l3XtsAj+Q8tfCwO6BQ8iDojYdvoPMqsKDkuoOo+X6HZA0s0q11ANMQ8A==}
    cpu: [arm]
    os: [linux]
    libc: [glibc]

  '@img/sharp-libvips-linux-ppc64@1.2.4':
    resolution: {integrity: sha512-FMuvGijLDYG6lW+b/UvyilUWu5Ayu+3r2d1S8notiGCIyYU/76eig1UfMmkZ7vwgOrzKzlQbFSuQfgm7GYUPpA==}
    cpu: [ppc64]
    os: [linux]
    libc: [glibc]

  '@img/sharp-libvips-linux-riscv64@1.2.4':
    resolution: {integrity: sha512-oVDbcR4zUC0ce82teubSm+x6ETixtKZBh/qbREIOcI3cULzDyb18Sr/Wcyx7NRQeQzOiHTNbZFF1UwPS2scyGA==}
    cpu: [riscv64]
    os: [linux]
    libc: [glibc]

  '@img/sharp-libvips-linux-s390x@1.2.4':
    resolution: {integrity: sha512-qmp9VrzgPgMoGZyPvrQHqk02uyjA0/QrTO26Tqk6l4ZV0MPWIW6LTkqOIov+J1yEu7MbFQaDpwdwJKhbJvuRxQ==}
    cpu: [s390x]
    os: [linux]
    libc: [glibc]

  '@img/sharp-libvips-linux-x64@1.2.4':
    resolution: {integrity: sha512-tJxiiLsmHc9Ax1bz3oaOYBURTXGIRDODBqhveVHonrHJ9/+k89qbLl0bcJns+e4t4rvaNBxaEZsFtSfAdquPrw==}
    cpu: [x64]
    os: [linux]
    libc: [glibc]

  '@img/sharp-libvips-linuxmusl-arm64@1.2.4':
    resolution: {integrity: sha512-FVQHuwx1IIuNow9QAbYUzJ+En8KcVm9Lk5+uGUQJHaZmMECZmOlix9HnH7n1TRkXMS0pGxIJokIVB9SuqZGGXw==}
    cpu: [arm64]
    os: [linux]
    libc: [musl]

  '@img/sharp-libvips-linuxmusl-x64@1.2.4':
    resolution: {integrity: sha512-+LpyBk7L44ZIXwz/VYfgl…34243 tokens truncated…endencies:
      call-bound: 1.0.4
      has-tostringtag: 1.0.2

  is-symbol@1.1.1:
    dependencies:
      call-bound: 1.0.4
      has-symbols: 1.1.0
      safe-regex-test: 1.1.0

  is-typed-array@1.1.15:
    dependencies:
      which-typed-array: 1.1.22

  is-url@1.2.4: {}

  is-weakmap@2.0.2: {}

  is-weakref@1.1.1:
    dependencies:
      call-bound: 1.0.4

  is-weakset@2.0.4:
    dependencies:
      call-bound: 1.0.4
      get-intrinsic: 1.3.0

  isarray@2.0.5: {}

  isexe@2.0.0: {}

  isexe@3.1.5: {}

  iterator.prototype@1.1.5:
    dependencies:
      define-data-property: 1.1.4
      es-object-atoms: 1.1.2
      get-intrinsic: 1.3.0
      get-proto: 1.0.1
      has-symbols: 1.1.0
      set-function-name: 2.0.2

  jay-peg@1.1.1:
    dependencies:
      restructure: 3.0.2

  jiti@1.21.7: {}

  js-md5@0.8.3: {}

  js-tokens@4.0.0: {}

  js-yaml@4.2.0:
    dependencies:
      argparse: 2.0.1

  json-buffer@3.0.1: {}

  json-schema-traverse@0.4.1: {}

  json-stable-stringify-without-jsonify@1.0.1: {}

  json5@1.0.2:
    dependencies:
      minimist: 1.2.8

  jsx-ast-utils@3.3.5:
    dependencies:
      array-includes: 3.1.9
      array.prototype.flat: 1.3.3
      object.assign: 4.1.7
      object.values: 1.2.1

  keyv@4.5.4:
    dependencies:
      json-buffer: 3.0.1

  language-subtag-registry@0.3.23: {}

  language-tags@1.0.9:
    dependencies:
      language-subtag-registry: 0.3.23

  leaflet@1.9.4: {}

  levn@0.4.1:
    dependencies:
      prelude-ls: 1.2.1
      type-check: 0.4.0

  lilconfig@3.1.3: {}

  linebreak@1.1.0:
    dependencies:
      base64-js: 0.0.8
      unicode-trie: 2.0.0

  lines-and-columns@1.2.4: {}

  locate-path@6.0.0:
    dependencies:
      p-locate: 5.0.0

  lodash.merge@4.6.2: {}

  loose-envify@1.4.0:
    dependencies:
      js-tokens: 4.0.0

  lucide-react@1.21.0(react@19.0.0):
    dependencies:
      react: 19.0.0

  math-intrinsics@1.1.0: {}

  media-engine@1.0.3: {}

  merge2@1.4.1: {}

  micromatch@4.0.8:
    dependencies:
      braces: 3.0.3
      picomatch: 2.3.2

  minimatch@10.2.5:
    dependencies:
      brace-expansion: 5.0.6

  minimatch@3.1.5:
    dependencies:
      brace-expansion: 1.1.15

  minimist@1.2.8: {}

  ms@2.1.3: {}

  mz@2.7.0:
    dependencies:
      any-promise: 1.3.0
      object-assign: 4.1.1
      thenify-all: 1.6.0

  nanoid@3.3.14: {}

  napi-postinstall@0.3.4: {}

  natural-compare@1.4.0: {}

  next@16.2.9(@playwright/test@1.61.0)(react-dom@19.0.0(react@19.0.0))(react@19.0.0):
    dependencies:
      '@next/env': 16.2.9
      '@swc/helpers': 0.5.15
      baseline-browser-mapping: 2.10.38
      caniuse-lite: 1.0.30001799
      postcss: 8.4.31
      react: 19.0.0
      react-dom: 19.0.0(react@19.0.0)
      styled-jsx: 5.1.6(react@19.0.0)
    optionalDependencies:
      '@next/swc-darwin-arm64': 16.2.9
      '@next/swc-darwin-x64': 16.2.9
      '@next/swc-linux-arm64-gnu': 16.2.9
      '@next/swc-linux-arm64-musl': 16.2.9
      '@next/swc-linux-x64-gnu': 16.2.9
      '@next/swc-linux-x64-musl': 16.2.9
      '@next/swc-win32-arm64-msvc': 16.2.9
      '@next/swc-win32-x64-msvc': 16.2.9
      '@playwright/test': 1.61.0
      sharp: 0.34.5
    transitivePeerDependencies:
      - '@babel/core'
      - babel-plugin-macros

  node-exports-info@1.6.0:
    dependencies:
      array.prototype.flatmap: 1.3.3
      es-errors: 1.3.0
      object.entries: 1.1.9
      semver: 6.3.1

  node-releases@2.0.48: {}

  normalize-path@3.0.0: {}

  normalize-svg-path@1.1.0:
    dependencies:
      svg-arc-to-cubic-bezier: 3.2.0

  object-assign@4.1.1: {}

  object-hash@3.0.0: {}

  object-inspect@1.13.4: {}

  object-keys@1.1.1: {}

  object.assign@4.1.7:
    dependencies:
      call-bind: 1.0.9
      call-bound: 1.0.4
      define-properties: 1.2.1
      es-object-atoms: 1.1.2
      has-symbols: 1.1.0
      object-keys: 1.1.1

  object.entries@1.1.9:
    dependencies:
      call-bind: 1.0.9
      call-bound: 1.0.4
      define-properties: 1.2.1
      es-object-atoms: 1.1.2

  object.fromentries@2.0.8:
    dependencies:
      call-bind: 1.0.9
      define-properties: 1.2.1
      es-abstract: 1.24.2
      es-object-atoms: 1.1.2

  object.groupby@1.0.3:
    dependencies:
      call-bind: 1.0.9
      define-properties: 1.2.1
      es-abstract: 1.24.2

  object.values@1.2.1:
    dependencies:
      call-bind: 1.0.9
      call-bound: 1.0.4
      define-properties: 1.2.1
      es-object-atoms: 1.1.2

  openai@6.44.0(zod@3.25.76):
    optionalDependencies:
      zod: 3.25.76

  optionator@0.9.4:
    dependencies:
      deep-is: 0.1.4
      fast-levenshtein: 2.0.6
      levn: 0.4.1
      prelude-ls: 1.2.1
      type-check: 0.4.0
      word-wrap: 1.2.5

  own-keys@1.0.1:
    dependencies:
      get-intrinsic: 1.3.0
      object-keys: 1.1.1
      safe-push-apply: 1.0.0

  p-limit@3.1.0:
    dependencies:
      yocto-queue: 0.1.0

  p-limit@7.3.0:
    dependencies:
      yocto-queue: 1.2.2

  p-locate@5.0.0:
    dependencies:
      p-limit: 3.1.0

  p-retry@7.1.1:
    dependencies:
      is-network-error: 1.3.2

  pako@0.2.9: {}

  pako@1.0.11: {}

  parent-module@1.0.1:
    dependencies:
      callsites: 3.1.0

  parse-svg-path@0.1.2: {}

  path-exists@4.0.0: {}

  path-key@3.1.1: {}

  path-parse@1.0.7: {}

  pdfjs-dist@2.16.105:
    dependencies:
      dommatrix: 1.0.3
      web-streams-polyfill: 3.3.3

  pg-cloudflare@1.4.0:
    optional: true

  pg-connection-string@2.14.0: {}

  pg-int8@1.0.1: {}

  pg-pool@3.14.0(pg@8.22.0):
    dependencies:
      pg: 8.22.0

  pg-protocol@1.15.0: {}

  pg-types@2.2.0:
    dependencies:
      pg-int8: 1.0.1
      postgres-array: 2.0.0
      postgres-bytea: 1.0.1
      postgres-date: 1.0.7
      postgres-interval: 1.2.0

  pg@8.22.0:
    dependencies:
      pg-connection-string: 2.14.0
      pg-pool: 3.14.0(pg@8.22.0)
      pg-protocol: 1.15.0
      pg-types: 2.2.0
      pgpass: 1.0.5
    optionalDependencies:
      pg-cloudflare: 1.4.0

  pgpass@1.0.5:
    dependencies:
      split2: 4.2.0

  picocolors@1.1.1: {}

  picomatch@2.3.2: {}

  picomatch@4.0.4: {}

  pify@2.3.0: {}

  pirates@4.0.7: {}

  playwright-core@1.61.0: {}

  playwright@1.61.0:
    dependencies:
      playwright-core: 1.61.0
    optionalDependencies:
      fsevents: 2.3.2

  png-js@2.0.0:
    dependencies:
      fflate: 0.8.3

  possible-typed-array-names@1.1.0: {}

  postal-mime@2.7.4: {}

  postcss-import@15.1.0(postcss@8.5.15):
    dependencies:
      postcss: 8.5.15
      postcss-value-parser: 4.2.0
      read-cache: 1.0.0
      resolve: 1.22.12

  postcss-js@4.1.0(postcss@8.5.15):
    dependencies:
      camelcase-css: 2.0.1
      postcss: 8.5.15

  postcss-load-config@6.0.1(jiti@1.21.7)(postcss@8.5.15):
    dependencies:
      lilconfig: 3.1.3
    optionalDependencies:
      jiti: 1.21.7
      postcss: 8.5.15

  postcss-nested@6.2.0(postcss@8.5.15):
    dependencies:
      postcss: 8.5.15
      postcss-selector-parser: 6.1.4

  postcss-selector-parser@6.1.4:
    dependencies:
      cssesc: 3.0.0
      util-deprecate: 1.0.2

  postcss-value-parser@4.2.0: {}

  postcss@8.4.31:
    dependencies:
      nanoid: 3.3.14
      picocolors: 1.1.1
      source-map-js: 1.2.1

  postcss@8.5.15:
    dependencies:
      nanoid: 3.3.14
      picocolors: 1.1.1
      source-map-js: 1.2.1

  postgres-array@2.0.0: {}

  postgres-bytea@1.0.1: {}

  postgres-date@1.0.7: {}

  postgres-interval@1.2.0:
    dependencies:
      xtend: 4.0.2

  postgres@3.4.9: {}

  prelude-ls@1.2.1: {}

  prettier@3.8.4: {}

  prop-types@15.8.1:
    dependencies:
      loose-envify: 1.4.0
      object-assign: 4.1.1
      react-is: 16.13.1

  punycode@2.3.1: {}

  queue-microtask@1.2.3: {}

  queue@6.0.2:
    dependencies:
      inherits: 2.0.4

  react-dom@19.0.0(react@19.0.0):
    dependencies:
      react: 19.0.0
      scheduler: 0.25.0

  react-is@16.13.1: {}

  react-leaflet@5.0.0(leaflet@1.9.4)(react-dom@19.0.0(react@19.0.0))(react@19.0.0):
    dependencies:
      '@react-leaflet/core': 3.0.0(leaflet@1.9.4)(react-dom@19.0.0(react@19.0.0))(react@19.0.0)
      leaflet: 1.9.4
      react: 19.0.0
      react-dom: 19.0.0(react@19.0.0)

  react@19.0.0: {}

  read-cache@1.0.0:
    dependencies:
      pify: 2.3.0

  readdirp@3.6.0:
    dependencies:
      picomatch: 2.3.2

  reflect.getprototypeof@1.0.10:
    dependencies:
      call-bind: 1.0.9
      define-properties: 1.2.1
      es-abstract: 1.24.2
      es-errors: 1.3.0
      es-object-atoms: 1.1.2
      get-intrinsic: 1.3.0
      get-proto: 1.0.1
      which-builtin-type: 1.2.1

  regexp.prototype.flags@1.5.4:
    dependencies:
      call-bind: 1.0.9
      define-properties: 1.2.1
      es-errors: 1.3.0
      get-proto: 1.0.1
      gopd: 1.2.0
      set-function-name: 2.0.2

  require-from-string@2.0.2: {}

  resend@6.14.0:
    dependencies:
      postal-mime: 2.7.4
      standardwebhooks: 1.0.0

  resolve-from@4.0.0: {}

  resolve-pkg-maps@1.0.0: {}

  resolve@1.22.12:
    dependencies:
      es-errors: 1.3.0
      is-core-module: 2.16.2
      path-parse: 1.0.7
      supports-preserve-symlinks-flag: 1.0.0

  resolve@2.0.0-next.7:
    dependencies:
      es-errors: 1.3.0
      is-core-module: 2.16.2
      node-exports-info: 1.6.0
      object-keys: 1.1.1
      path-parse: 1.0.7
      supports-preserve-symlinks-flag: 1.0.0

  restructure@3.0.2: {}

  reusify@1.1.0: {}

  run-parallel@1.2.0:
    dependencies:
      queue-microtask: 1.2.3

  safe-array-concat@1.1.4:
    dependencies:
      call-bind: 1.0.9
      call-bound: 1.0.4
      get-intrinsic: 1.3.0
      has-symbols: 1.1.0
      isarray: 2.0.5

  safe-buffer@5.2.1: {}

  safe-push-apply@1.0.0:
    dependencies:
      es-errors: 1.3.0
      isarray: 2.0.5

  safe-regex-test@1.1.0:
    dependencies:
      call-bound: 1.0.4
      es-errors: 1.3.0
      is-regex: 1.2.1

  scheduler@0.25.0: {}

  scheduler@0.25.0-rc-603e6108-20241029: {}

  semver@6.3.1: {}

  semver@7.8.5: {}

  set-function-length@1.2.2:
    dependencies:
      define-data-property: 1.1.4
      es-errors: 1.3.0
      function-bind: 1.1.2
      get-intrinsic: 1.3.0
      gopd: 1.2.0
      has-property-descriptors: 1.0.2

  set-function-name@2.0.2:
    dependencies:
      define-data-property: 1.1.4
      es-errors: 1.3.0
      functions-have-names: 1.2.3
      has-property-descriptors: 1.0.2

  set-proto@1.0.0:
    dependencies:
      dunder-proto: 1.0.1
      es-errors: 1.3.0
      es-object-atoms: 1.1.2

  sharp@0.34.5:
    dependencies:
      '@img/colour': 1.1.0
      detect-libc: 2.1.2
      semver: 7.8.5
    optionalDependencies:
      '@img/sharp-darwin-arm64': 0.34.5
      '@img/sharp-darwin-x64': 0.34.5
      '@img/sharp-libvips-darwin-arm64': 1.2.4
      '@img/sharp-libvips-darwin-x64': 1.2.4
      '@img/sharp-libvips-linux-arm': 1.2.4
      '@img/sharp-libvips-linux-arm64': 1.2.4
      '@img/sharp-libvips-linux-ppc64': 1.2.4
      '@img/sharp-libvips-linux-riscv64': 1.2.4
      '@img/sharp-libvips-linux-s390x': 1.2.4
      '@img/sharp-libvips-linux-x64': 1.2.4
      '@img/sharp-libvips-linuxmusl-arm64': 1.2.4
      '@img/sharp-libvips-linuxmusl-x64': 1.2.4
      '@img/sharp-linux-arm': 0.34.5
      '@img/sharp-linux-arm64': 0.34.5
      '@img/sharp-linux-ppc64': 0.34.5
      '@img/sharp-linux-riscv64': 0.34.5
      '@img/sharp-linux-s390x': 0.34.5
      '@img/sharp-linux-x64': 0.34.5
      '@img/sharp-linuxmusl-arm64': 0.34.5
      '@img/sharp-linuxmusl-x64': 0.34.5
      '@img/sharp-wasm32': 0.34.5
      '@img/sharp-win32-arm64': 0.34.5
      '@img/sharp-win32-ia32': 0.34.5
      '@img/sharp-win32-x64': 0.34.5
    optional: true

  shebang-command@2.0.0:
    dependencies:
      shebang-regex: 3.0.0

  shebang-regex@3.0.0: {}

  shell-quote@1.8.4: {}

  side-channel-list@1.0.1:
    dependencies:
      es-errors: 1.3.0
      object-inspect: 1.13.4

  side-channel-map@1.0.1:
    dependencies:
      call-bound: 1.0.4
      es-errors: 1.3.0
      get-intrinsic: 1.3.0
      object-inspect: 1.13.4

  side-channel-weakmap@1.0.2:
    dependencies:
      call-bound: 1.0.4
      es-errors: 1.3.0
      get-intrinsic: 1.3.0
      object-inspect: 1.13.4
      side-channel-map: 1.0.1

  side-channel@1.1.1:
    dependencies:
      es-errors: 1.3.0
      object-inspect: 1.13.4
      side-channel-list: 1.0.1
      side-channel-map: 1.0.1
      side-channel-weakmap: 1.0.2

  source-map-js@1.2.1: {}

  source-map-support@0.5.21:
    dependencies:
      buffer-from: 1.1.2
      source-map: 0.6.1

  source-map@0.6.1: {}

  split2@4.2.0: {}

  stable-hash@0.0.5: {}

  standardwebhooks@1.0.0:
    dependencies:
      '@stablelib/base64': 1.0.1
      fast-sha256: 1.3.0

  stop-iteration-iterator@1.1.0:
    dependencies:
      es-errors: 1.3.0
      internal-slot: 1.1.0

  string.prototype.includes@2.0.1:
    dependencies:
      call-bind: 1.0.9
      define-properties: 1.2.1
      es-abstract: 1.24.2

  string.prototype.matchall@4.0.12:
    dependencies:
      call-bind: 1.0.9
      call-bound: 1.0.4
      define-properties: 1.2.1
      es-abstract: 1.24.2
      es-errors: 1.3.0
      es-object-atoms: 1.1.2
      get-intrinsic: 1.3.0
      gopd: 1.2.0
      has-symbols: 1.1.0
      internal-slot: 1.1.0
      regexp.prototype.flags: 1.5.4
      set-function-name: 2.0.2
      side-channel: 1.1.1

  string.prototype.repeat@1.0.0:
    dependencies:
      define-properties: 1.2.1
      es-abstract: 1.24.2

  string.prototype.trim@1.2.11:
    dependencies:
      call-bind: 1.0.9
      call-bound: 1.0.4
      define-data-property: 1.1.4
      define-properties: 1.2.1
      es-abstract: 1.24.2
      es-object-atoms: 1.1.2
      has-property-descriptors: 1.0.2
      safe-regex-test: 1.1.0

  string.prototype.trimend@1.0.10:
    dependencies:
      call-bind: 1.0.9
      call-bound: 1.0.4
      define-properties: 1.2.1
      es-object-atoms: 1.1.2

  string.prototype.trimstart@1.0.8:
    dependencies:
      call-bind: 1.0.9
      define-properties: 1.2.1
      es-object-atoms: 1.1.2

  string_decoder@1.3.0:
    dependencies:
      safe-buffer: 5.2.1

  strip-bom@3.0.0: {}

  strip-json-comments@3.1.1: {}

  styled-jsx@5.1.6(react@19.0.0):
    dependencies:
      client-only: 0.0.1
      react: 19.0.0

  sucrase@3.35.1:
    dependencies:
      '@jridgewell/gen-mapping': 0.3.13
      commander: 4.1.1
      lines-and-columns: 1.2.4
      mz: 2.7.0
      pirates: 4.0.7
      tinyglobby: 0.2.17
      ts-interface-checker: 0.1.13

  supports-color@7.2.0:
    dependencies:
      has-flag: 4.0.0

  supports-preserve-symlinks-flag@1.0.0: {}

  svg-arc-to-cubic-bezier@3.2.0: {}

  tailwindcss@3.4.19:
    dependencies:
      '@alloc/quick-lru': 5.2.0
      arg: 5.0.2
      chokidar: 3.6.0
      didyoumean: 1.2.2
      dlv: 1.1.3
      fast-glob: 3.3.3
      glob-parent: 6.0.2
      is-glob: 4.0.3
      jiti: 1.21.7
      lilconfig: 3.1.3
      micromatch: 4.0.8
      normalize-path: 3.0.0
      object-hash: 3.0.0
      picocolors: 1.1.1
      postcss: 8.5.15
      postcss-import: 15.1.0(postcss@8.5.15)
      postcss-js: 4.1.0(postcss@8.5.15)
      postcss-load-config: 6.0.1(jiti@1.21.7)(postcss@8.5.15)
      postcss-nested: 6.2.0(postcss@8.5.15)
      postcss-selector-parser: 6.1.4
      resolve: 1.22.12
      sucrase: 3.35.1
    transitivePeerDependencies:
      - tsx
      - yaml

  thenify-all@1.6.0:
    dependencies:
      thenify: 3.3.1

  thenify@3.3.1:
    dependencies:
      any-promise: 1.3.0

  tiny-inflate@1.0.3: {}

  tinyglobby@0.2.17:
    dependencies:
      fdir: 6.5.0(picomatch@4.0.4)
      picomatch: 4.0.4

  to-regex-range@5.0.1:
    dependencies:
      is-number: 7.0.0

  ts-api-utils@2.5.0(typescript@5.9.3):
    dependencies:
      typescript: 5.9.3

  ts-interface-checker@0.1.13: {}

  tsconfig-paths@3.15.0:
    dependencies:
      '@types/json5': 0.0.29
      json5: 1.0.2
      minimist: 1.2.8
      strip-bom: 3.0.0

  tslib@2.8.1: {}

  type-check@0.4.0:
    dependencies:
      prelude-ls: 1.2.1

  typed-array-buffer@1.0.3:
    dependencies:
      call-bound: 1.0.4
      es-errors: 1.3.0
      is-typed-array: 1.1.15

  typed-array-byte-length@1.0.3:
    dependencies:
      call-bind: 1.0.9
      for-each: 0.3.5
      gopd: 1.2.0
      has-proto: 1.2.0
      is-typed-array: 1.1.15

  typed-array-byte-offset@1.0.4:
    dependencies:
      available-typed-arrays: 1.0.7
      call-bind: 1.0.9
      for-each: 0.3.5
      gopd: 1.2.0
      has-proto: 1.2.0
      is-typed-array: 1.1.15
      reflect.getprototypeof: 1.0.10

  typed-array-length@1.0.8:
    dependencies:
      call-bind: 1.0.9
      for-each: 0.3.5
      gopd: 1.2.0
      is-typed-array: 1.1.15
      possible-typed-array-names: 1.1.0
      reflect.getprototypeof: 1.0.10

  typescript@5.9.3: {}

  unbox-primitive@1.1.0:
    dependencies:
      call-bound: 1.0.4
      has-bigints: 1.1.0
      has-symbols: 1.1.0
      which-boxed-primitive: 1.1.1

  undici-types@6.21.0: {}

  unicode-properties@1.4.1:
    dependencies:
      base64-js: 1.5.1
      unicode-trie: 2.0.0

  unicode-trie@2.0.0:
    dependencies:
      pako: 0.2.9
      tiny-inflate: 1.0.3

  unrs-resolver@1.12.2:
    dependencies:
      napi-postinstall: 0.3.4
    optionalDependencies:
      '@unrs/resolver-binding-android-arm-eabi': 1.12.2
      '@unrs/resolver-binding-android-arm64': 1.12.2
      '@unrs/resolver-binding-darwin-arm64': 1.12.2
      '@unrs/resolver-binding-darwin-x64': 1.12.2
      '@unrs/resolver-binding-freebsd-x64': 1.12.2
      '@unrs/resolver-binding-linux-arm-gnueabihf': 1.12.2
      '@unrs/resolver-binding-linux-arm-musleabihf': 1.12.2
      '@unrs/resolver-binding-linux-arm64-gnu': 1.12.2
      '@unrs/resolver-binding-linux-arm64-musl': 1.12.2
      '@unrs/resolver-binding-linux-loong64-gnu': 1.12.2
      '@unrs/resolver-binding-linux-loong64-musl': 1.12.2
      '@unrs/resolver-binding-linux-ppc64-gnu': 1.12.2
      '@unrs/resolver-binding-linux-riscv64-gnu': 1.12.2
      '@unrs/resolver-binding-linux-riscv64-musl': 1.12.2
      '@unrs/resolver-binding-linux-s390x-gnu': 1.12.2
      '@unrs/resolver-binding-linux-x64-gnu': 1.12.2
      '@unrs/resolver-binding-linux-x64-musl': 1.12.2
      '@unrs/resolver-binding-openharmony-arm64': 1.12.2
      '@unrs/resolver-binding-wasm32-wasi': 1.12.2
      '@unrs/resolver-binding-win32-arm64-msvc': 1.12.2
      '@unrs/resolver-binding-win32-ia32-msvc': 1.12.2
      '@unrs/resolver-binding-win32-x64-msvc': 1.12.2

  update-browserslist-db@1.2.3(browserslist@4.28.2):
    dependencies:
      browserslist: 4.28.2
      escalade: 3.2.0
      picocolors: 1.1.1

  uri-js@4.4.1:
    dependencies:
      punycode: 2.3.1

  util-deprecate@1.0.2: {}

  vite-compatible-readable-stream@3.6.1:
    dependencies:
      inherits: 2.0.4
      string_decoder: 1.3.0
      util-deprecate: 1.0.2

  web-streams-polyfill@3.3.3: {}

  which-boxed-primitive@1.1.1:
    dependencies:
      is-bigint: 1.1.0
      is-boolean-object: 1.2.2
      is-number-object: 1.1.1
      is-string: 1.1.1
      is-symbol: 1.1.1

  which-builtin-type@1.2.1:
    dependencies:
      call-bound: 1.0.4
      function.prototype.name: 1.2.0
      has-tostringtag: 1.0.2
      is-async-function: 2.1.1
      is-date-object: 1.1.0
      is-finalizationregistry: 1.1.1
      is-generator-function: 1.1.2
      is-regex: 1.2.1
      is-weakref: 1.1.1
      isarray: 2.0.5
      which-boxed-primitive: 1.1.1
      which-collection: 1.0.2
      which-typed-array: 1.1.22

  which-collection@1.0.2:
    dependencies:
      is-map: 2.0.3
      is-set: 2.0.3
      is-weakmap: 2.0.2
      is-weakset: 2.0.4

  which-typed-array@1.1.22:
    dependencies:
      available-typed-arrays: 1.0.7
      call-bind: 1.0.9
      call-bound: 1.0.4
      for-each: 0.3.5
      get-proto: 1.0.1
      gopd: 1.2.0
      has-tostringtag: 1.0.2

  which@2.0.2:
    dependencies:
      isexe: 2.0.0

  which@4.0.0:
    dependencies:
      isexe: 3.1.5

  word-wrap@1.2.5: {}

  xtend@4.0.2: {}

  yocto-queue@0.1.0: {}

  yocto-queue@1.2.2: {}

  yoga-layout@3.2.1: {}

  zod-validation-error@5.0.0(zod@3.25.76):
    dependencies:
      zod: 3.25.76

  zod@3.25.76: {}
